
Microsoft Visual Studio Solution File, Format Version 12.00
# Visual Studio Version 16
VisualStudioVersion = 16.0.29409.12
MinimumVisualStudioVersion = 10.0.40219.1
Project("{888888A0-9F3D-457C-B088-3A5042F75D52}") = "Rijksmuseum", "Rijksmuseum.pyproj", "{F928DD29-5F5A-4B7B-9751-DDC8BDEF569E}"
EndProject
Global
	GlobalSection(SolutionConfigurationPlatforms) = preSolution
		Debug|Any CPU = Debug|Any CPU
		Release|Any CPU = Release|Any CPU
	EndGlobalSection
	GlobalSection(ProjectConfigurationPlatforms) = postSolution
		{F928DD29-5F5A-4B7B-9751-DDC8BDEF569E}.Debug|Any CPU.ActiveCfg = Debug|Any CPU
		{F928DD29-5F5A-4B7B-9751-DDC8BDEF569E}.Release|Any CPU.ActiveCfg = Release|Any CPU
	EndGlobalSection
	GlobalSection(SolutionProperties) = preSolution
		HideSolutionNode = FALSE
	EndGlobalSection
	GlobalSection(ExtensibilityGlobals) = postSolution
		SolutionGuid = {167B3CDF-BBC4-409B-A490-DBD21D9DB10D}
	EndGlobalSection
EndGlobal
